
Microsoft Visual Studio Solution File, Format Version 12.00
# Visual Studio Version 17
VisualStudioVersion = 17.8.34408.163
MinimumVisualStudioVersion = 10.0.40219.1
Project("{FAE04EC0-301F-11D3-BF4B-00C04F79EFBC}") = "ahmedabad_crud", "ahmedabad_crud\ahmedabad_crud.csproj", "{996E9C38-A96E-472D-BB60-1362A50EC4BD}"
EndProject
Global
	GlobalSection(SolutionConfigurationPlatforms) = preSolution
		Debug|Any CPU = Debug|Any CPU
		Release|Any CPU = Release|Any CPU
	EndGlobalSection
	GlobalSection(ProjectConfigurationPlatforms) = postSolution
		{996E9C38-A96E-472D-BB60-1362A50EC4BD}.Debug|Any CPU.ActiveCfg = Debug|Any CPU
		{996E9C38-A96E-472D-BB60-1362A50EC4BD}.Debug|Any CPU.Build.0 = Debug|Any CPU
		{996E9C38-A96E-472D-BB60-1362A50EC4BD}.Release|Any CPU.ActiveCfg = Release|Any CPU
		{996E9C38-A96E-472D-BB60-1362A50EC4BD}.Release|Any CPU.Build.0 = Release|Any CPU
	EndGlobalSection
	GlobalSection(SolutionProperties) = preSolution
		HideSolutionNode = FALSE
	EndGlobalSection
	GlobalSection(ExtensibilityGlobals) = postSolution
		SolutionGuid = {4FBF2770-39E6-49FC-8E23-EA997F12019A}
	EndGlobalSection
EndGlobal
